{
  "nodes": {
    "nixpkgs": {
      "locked": {
        "lastModified": 1674902473,
        "narHash": "sha256-MdKJeeDTjCtmoVPWLEDg10jgknt6rqTO3c1WeNQtho4=",
        "owner": "nixos",
        "repo": "nixpkgs",
        "rev": "548896f4d9f7db2f7205d82727d6c03c86d2f896",
        "type": "github"
      },
      "original": {
        "owner": "nixos",
        "ref": "release-22.11",
        "repo": "nixpkgs",
        "type": "github"
      }
    },
    "root": {
      "inputs": {
        "nixpkgs": "nixpkgs"
      }
    }
  },
  "root": "root",
  "version": 7
}
