{
  "nodes": {
    "nixpkgs": {
      "locked": {
        "lastModified": 1676931714,
        "narHash": "sha256-Zh2q9it1lpLHD/Bj1EaQjmfRmireQ1v48pgLFsPLz+U=",
        "owner": "nixos",
        "repo": "nixpkgs",
        "rev": "be2cc24ae2e6160118f344c7e8216acce6c1cc45",
        "type": "github"
      },
      "original": {
        "owner": "nixos",
        "ref": "master",
        "repo": "nixpkgs",
        "type": "github"
      }
    },
    "nixpkgs-stable": {
      "locked": {
        "lastModified": 1676926203,
        "narHash": "sha256-gQQXEs+M/R+eySJ6Xj7iA7LJBB4lF9yEAoFvDRyMAaU=",
        "owner": "nixos",
        "repo": "nixpkgs",
        "rev": "cd56369075acb5fa8459e640b56a0dc1f05e1022",
        "type": "github"
      },
      "original": {
        "owner": "nixos",
        "ref": "release-22.11",
        "repo": "nixpkgs",
        "type": "github"
      }
    },
    "nixpkgs-staging": {
      "locked": {
        "lastModified": 1676916125,
        "narHash": "sha256-P08WbrKcA8W5N/dvnEBnQHBGDD0F3fUG3ER0Vvn8Y8Y=",
        "owner": "nixos",
        "repo": "nixpkgs",
        "rev": "e579b2b641d68248acaa2cd0669f96e2b6cb85d0",
        "type": "github"
      },
      "original": {
        "owner": "nixos",
        "ref": "staging",
        "repo": "nixpkgs",
        "type": "github"
      }
    },
    "nixpkgs-unstable": {
      "locked": {
        "lastModified": 1676721149,
        "narHash": "sha256-mN2EpTGxxVNnFZLoLWRwh6f7UWhXy4qE+wO2CZyrXps=",
        "owner": "nixos",
        "repo": "nixpkgs",
        "rev": "5f4e07deb7c44f27d498f8df9c5f34750acf52d2",
        "type": "github"
      },
      "original": {
        "owner": "nixos",
        "ref": "nixos-unstable",
        "repo": "nixpkgs",
        "type": "github"
      }
    },
    "root": {
      "inputs": {
        "nixpkgs": "nixpkgs",
        "nixpkgs-stable": "nixpkgs-stable",
        "nixpkgs-staging": "nixpkgs-staging",
        "nixpkgs-unstable": "nixpkgs-unstable"
      }
    }
  },
  "root": "root",
  "version": 7
}
